// !$*UTF8*$!
{
	archiveVersion = 1;
	classes = {
	};
	objectVersion = 51;
	objects = {

/* Begin PBXBuildFile section */
		59F8DD2FCD68B0B7ACB9D63F /* Pods_CoolWeather.framework in Frameworks */ = {isa = PBXBuildFile; fileRef = 914E0DE62D740931C6502DBA /* Pods_CoolWeather.framework */; };
		BC2487AC25C7ADB90098EE45 /* NewsView.swift in Sources */ = {isa = PBXBuildFile; fileRef = BC2487AB25C7ADB90098EE45 /* NewsView.swift */; };
		BC2487AF25C7AF930098EE45 /* Content.swift in Sources */ = {isa = PBXBuildFile; fileRef = BC2487AE25C7AF930098EE45 /* Content.swift */; };
		BC2487B225C7B0C40098EE45 /* NewsModel.swift in Sources */ = {isa = PBXBuildFile; fileRef = BC2487B125C7B0C40098EE45 /* NewsModel.swift */; };
		BC2487B525C7D8C10098EE45 /* NewsImageCellRow.swift in Sources */ = {isa = PBXBuildFile; fileRef = BC2487B425C7D8C10098EE45 /* NewsImageCellRow.swift */; };
		BC2487B825C7E0CF0098EE45 /* NewsImageCell.swift in Sources */ = {isa = PBXBuildFile; fileRef = BC2487B725C7E0CF0098EE45 /* NewsImageCell.swift */; };
		BC842B0F25B0123F00E3F2D1 /* TabarView.swift in Sources */ = {isa = PBXBuildFile; fileRef = BC842B0E25B0123F00E3F2D1 /* TabarView.swift */; };
		BC842B1225B014D300E3F2D1 /* AView.swift in Sources */ = {isa = PBXBuildFile; fileRef = BC842B1125B014D200E3F2D1 /* AView.swift */; };
		BC842B1525B014E400E3F2D1 /* BView.swift in Sources */ = {isa = PBXBuildFile; fileRef = BC842B1425B014E400E3F2D1 /* BView.swift */; };
		BC842B1825B014F000E3F2D1 /* CView.swift in Sources */ = {isa = PBXBuildFile; fileRef = BC842B1725B014F000E3F2D1 /* CView.swift */; };
		BC842B1B25B017AE00E3F2D1 /* GankView.swift in Sources */ = {isa = PBXBuildFile; fileRef = BC842B1A25B017AE00E3F2D1 /* GankView.swift */; };
		BC842B1E25B01A9A00E3F2D1 /* NavigationBar.swift in Sources */ = {isa = PBXBuildFile; fileRef = BC842B1D25B01A9A00E3F2D1 /* NavigationBar.swift */; };
		BC842B2125B0234F00E3F2D1 /* ComExtension.swift in Sources */ = {isa = PBXBuildFile; fileRef = BC842B2025B0234F00E3F2D1 /* ComExtension.swift */; };
		BC842B2525B0294500E3F2D1 /* GridView.swift in Sources */ = {isa = PBXBuildFile; fileRef = BC842B2425B0294500E3F2D1 /* GridView.swift */; };
		BC842B2925B02E7F00E3F2D1 /* GankModel.swift in Sources */ = {isa = PBXBuildFile; fileRef = BC842B2825B02E7F00E3F2D1 /* GankModel.swift */; };
		BC842B3125B0417900E3F2D1 /* GankMModel.swift in Sources */ = {isa = PBXBuildFile; fileRef = BC842B3025B0417800E3F2D1 /* GankMModel.swift */; };
		BCCEA7D025B00CDB00EFDC5D /* ContentView.swift in Sources */ = {isa = PBXBuildFile; fileRef = BCCEA7CF25B00CDB00EFDC5D /* ContentView.swift */; };
		BCCEA7D225B00CE100EFDC5D /* Assets.xcassets in Resources */ = {isa = PBXBuildFile; fileRef = BCCEA7D125B00CE100EFDC5D /* Assets.xcassets */; };
		BCCEA7D525B00CE100EFDC5D /* Preview Assets.xcassets in Resources */ = {isa = PBXBuildFile; fileRef = BCCEA7D425B00CE100EFDC5D /* Preview Assets.xcassets */; };
		BCCEA7E625B00FB700EFDC5D /* ApiUtils.swift in Sources */ = {isa = PBXBuildFile; fileRef = BCCEA7E525B00FB700EFDC5D /* ApiUtils.swift */; };
		BCE998A025B1329D00430C02 /* CoolWeatherApp.swift in Sources */ = {isa = PBXBuildFile; fileRef = BCE9989F25B1329D00430C02 /* CoolWeatherApp.swift */; };
		BCE998AA25B13A3900430C02 /* RefreshableScrollView.swift in Sources */ = {isa = PBXBuildFile; fileRef = BCE998A925B13A3900430C02 /* RefreshableScrollView.swift */; };
		BCE998AD25B167F900430C02 /* GankItemView.swift in Sources */ = {isa = PBXBuildFile; fileRef = BCE998AC25B167F900430C02 /* GankItemView.swift */; };
		BCE998B025B16DE800430C02 /* UserData.swift in Sources */ = {isa = PBXBuildFile; fileRef = BCE998AF25B16DE800430C02 /* UserData.swift */; };
		BE4F480725B06302001C1DCD /* Gankk.swift in Sources */ = {isa = PBXBuildFile; fileRef = BE4F480625B06302001C1DCD /* Gankk.swift */; };
/* End PBXBuildFile section */

/* Begin PBXFileReference section */
		716C3C51E1C3E0616F31CA38 /* Pods-CoolWeather.release.xcconfig */ = {isa = PBXFileReference; includeInIndex = 1; lastKnownFileType = text.xcconfig; name = "Pods-CoolWeather.release.xcconfig"; path = "Target Support Files/Pods-CoolWeather/Pods-CoolWeather.release.xcconfig"; sourceTree = "<group>"; };
		914E0DE62D740931C6502DBA /* Pods_CoolWeather.framework */ = {isa = PBXFileReference; explicitFileType = wrapper.framework; includeInIndex = 0; path = Pods_CoolWeather.framework; sourceTree = BUILT_PRODUCTS_DIR; };
		BC2487AB25C7ADB90098EE45 /* NewsView.swift */ = {isa = PBXFileReference; lastKnownFileType = sourcecode.swift; path = NewsView.swift; sourceTree = "<group>"; };
		BC2487AE25C7AF930098EE45 /* Content.swift */ = {isa = PBXFileReference; lastKnownFileType = sourcecode.swift; path = Content.swift; sourceTree = "<group>"; };
		BC2487B125C7B0C40098EE45 /* NewsModel.swift */ = {isa = PBXFileReference; lastKnownFileType = sourcecode.swift; path = NewsModel.swift; sourceTree = "<group>"; };
		BC2487B425C7D8C10098EE45 /* NewsImageCellRow.swift */ = {isa = PBXFileReference; lastKnownFileType = sourcecode.swift; path = NewsImageCellRow.swift; sourceTree = "<group>"; };
		BC2487B725C7E0CF0098EE45 /* NewsImageCell.swift */ = {isa = PBXFileReference; lastKnownFileType = sourcecode.swift; path = NewsImageCell.swift; sourceTree = "<group>"; };
		BC842B0E25B0123F00E3F2D1 /* TabarView.swift */ = {isa = PBXFileReference; lastKnownFileType = sourcecode.swift; path = TabarView.swift; sourceTree = "<group>"; };
		BC842B1125B014D200E3F2D1 /* AView.swift */ = {isa = PBXFileReference; lastKnownFileType = sourcecode.swift; path = AView.swift; sourceTree = "<group>"; };
		BC842B1425B014E400E3F2D1 /* BView.swift */ = {isa = PBXFileReference; lastKnownFileType = sourcecode.swift; path = BView.swift; sourceTree = "<group>"; };
		BC842B1725B014F000E3F2D1 /* CView.swift */ = {isa = PBXFileReference; lastKnownFileType = sourcecode.swift; path = CView.swift; sourceTree = "<group>"; };
		BC842B1A25B017AE00E3F2D1 /* GankView.swift */ = {isa = PBXFileReference; lastKnownFileType = sourcecode.swift; path = GankView.swift; sourceTree = "<group>"; };
		BC842B1D25B01A9A00E3F2D1 /* NavigationBar.swift */ = {isa = PBXFileReference; lastKnownFileType = sourcecode.swift; path = NavigationBar.swift; sourceTree = "<group>"; };
		BC842B2025B0234F00E3F2D1 /* ComExtension.swift */ = {isa = PBXFileReference; lastKnownFileType = sourcecode.swift; path = ComExtension.swift; sourceTree = "<group>"; };
		BC842B2425B0294500E3F2D1 /* GridView.swift */ = {isa = PBXFileReference; lastKnownFileType = sourcecode.swift; path = GridView.swift; sourceTree = "<group>"; };
		BC842B2825B02E7F00E3F2D1 /* GankModel.swift */ = {isa = PBXFileReference; lastKnownFileType = sourcecode.swift; path = GankModel.swift; sourceTree = "<group>"; };
		BC842B3025B0417800E3F2D1 /* GankMModel.swift */ = {isa = PBXFileReference; lastKnownFileType = sourcecode.swift; path = GankMModel.swift; sourceTree = "<group>"; };
		BCCEA7CA25B00CDB00EFDC5D /* CoolWeather.app */ = {isa = PBXFileReference; explicitFileType = wrapper.application; includeInIndex = 0; path = CoolWeather.app; sourceTree = BUILT_PRODUCTS_DIR; };
		BCCEA7CF25B00CDB00EFDC5D /* ContentView.swift */ = {isa = PBXFileReference; lastKnownFileType = sourcecode.swift; path = ContentView.swift; sourceTree = "<group>"; };
		BCCEA7D125B00CE100EFDC5D /* Assets.xcassets */ = {isa = PBXFileReference; lastKnownFileType = folder.assetcatalog; path = Assets.xcassets; sourceTree = "<group>"; };
		BCCEA7D425B00CE100EFDC5D /* Preview Assets.xcassets */ = {isa = PBXFileReference; lastKnownFileType = folder.assetcatalog; path = "Preview Assets.xcassets"; sourceTree = "<group>"; };
		BCCEA7D625B00CE100EFDC5D /* Info.plist */ = {isa = PBXFileReference; lastKnownFileType = text.plist.xml; path = Info.plist; sourceTree = "<group>"; };
		BCCEA7E525B00FB700EFDC5D /* ApiUtils.swift */ = {isa = PBXFileReference; lastKnownFileType = sourcecode.swift; path = ApiUtils.swift; sourceTree = "<group>"; };
		BCE9989A25B1315000430C02 /* CoolWeather.entitlements */ = {isa = PBXFileReference; lastKnownFileType = text.plist.entitlements; path = CoolWeather.entitlements; sourceTree = "<group>"; };
		BCE9989F25B1329D00430C02 /* CoolWeatherApp.swift */ = {isa = PBXFileReference; lastKnownFileType = sourcecode.swift; path = CoolWeatherApp.swift; sourceTree = "<group>"; };
		BCE998A925B13A3900430C02 /* RefreshableScrollView.swift */ = {isa = PBXFileReference; lastKnownFileType = sourcecode.swift; path = RefreshableScrollView.swift; sourceTree = "<group>"; };
		BCE998AC25B167F900430C02 /* GankItemView.swift */ = {isa = PBXFileReference; lastKnownFileType = sourcecode.swift; path = GankItemView.swift; sourceTree = "<group>"; };
		BCE998AF25B16DE800430C02 /* UserData.swift */ = {isa = PBXFileReference; lastKnownFileType = sourcecode.swift; path = UserData.swift; sourceTree = "<group>"; };
		BE4F480625B06302001C1DCD /* Gankk.swift */ = {isa = PBXFileReference; lastKnownFileType = sourcecode.swift; path = Gankk.swift; sourceTree = "<group>"; };
		DCC687BC4B0BF0A0784379F9 /* Pods-CoolWeather.debug.xcconfig */ = {isa = PBXFileReference; includeInIndex = 1; lastKnownFileType = text.xcconfig; name = "Pods-CoolWeather.debug.xcconfig"; path = "Target Support Files/Pods-CoolWeather/Pods-CoolWeather.debug.xcconfig"; sourceTree = "<group>"; };
/* End PBXFileReference section */

/* Begin PBXFrameworksBuildPhase section */
		BCCEA7C725B00CDB00EFDC5D /* Frameworks */ = {
			isa = PBXFrameworksBuildPhase;
			buildActionMask = 2147483647;
			files = (
				59F8DD2FCD68B0B7ACB9D63F /* Pods_CoolWeather.framework in Frameworks */,
			);
			runOnlyForDeploymentPostprocessing = 0;
		};
/* End PBXFrameworksBuildPhase section */

/* Begin PBXGroup section */
		A979FB0075E3632487EC88EC /* Frameworks */ = {
			isa = PBXGroup;
			children = (
				914E0DE62D740931C6502DBA /* Pods_CoolWeather.framework */,
			);
			name = Frameworks;
			sourceTree = "<group>";
		};
		BC842B2325B0290B00E3F2D1 /* View */ = {
			isa = PBXGroup;
			children = (
				BC842B2425B0294500E3F2D1 /* GridView.swift */,
				BCE998A925B13A3900430C02 /* RefreshableScrollView.swift */,
				BCE998AC25B167F900430C02 /* GankItemView.swift */,
				BC2487B425C7D8C10098EE45 /* NewsImageCellRow.swift */,
				BC2487B725C7E0CF0098EE45 /* NewsImageCell.swift */,
			);
			path = View;
			sourceTree = "<group>";
		};
		BCCEA7C125B00CDB00EFDC5D = {
			isa = PBXGroup;
			children = (
				BCCEA7CC25B00CDB00EFDC5D /* CoolWeather */,
				BCCEA7CB25B00CDB00EFDC5D /* Products */,
				C77F22E6273F05DAFC9A14BA /* Pods */,
				A979FB0075E3632487EC88EC /* Frameworks */,
			);
			sourceTree = "<group>";
		};
		BCCEA7CB25B00CDB00EFDC5D /* Products */ = {
			isa = PBXGroup;
			children = (
				BCCEA7CA25B00CDB00EFDC5D /* CoolWeather.app */,
			);
			name = Products;
			sourceTree = "<group>";
		};
		BCCEA7CC25B00CDB00EFDC5D /* CoolWeather */ = {
			isa = PBXGroup;
			children = (
				BCE9989A25B1315000430C02 /* CoolWeather.entitlements */,
				BCCEA7E825B00FEB00EFDC5D /* Model */,
				BCCEA7DF25B00D5800EFDC5D /* Utils */,
				BCCEA7DE25B00D4E00EFDC5D /* UI */,
				BCCEA7DD25B00D4400EFDC5D /* Resources */,
				BCCEA7CF25B00CDB00EFDC5D /* ContentView.swift */,
				BCCEA7D125B00CE100EFDC5D /* Assets.xcassets */,
				BCCEA7D625B00CE100EFDC5D /* Info.plist */,
				BCCEA7D325B00CE100EFDC5D /* Preview Content */,
				BCE9989F25B1329D00430C02 /* CoolWeatherApp.swift */,
				BCE998AF25B16DE800430C02 /* UserData.swift */,
				BC2487AE25C7AF930098EE45 /* Content.swift */,
			);
			path = CoolWeather;
			sourceTree = "<group>";
		};
		BCCEA7D325B00CE100EFDC5D /* Preview Content */ = {
			isa = PBXGroup;
			children = (
				BCCEA7D425B00CE100EFDC5D /* Preview Assets.xcassets */,
			);
			path = "Preview Content";
			sourceTree = "<group>";
		};
		BCCEA7DD25B00D4400EFDC5D /* Resources */ = {
			isa = PBXGroup;
			children = (
			);
			path = Resources;
			sourceTree = "<group>";
		};
		BCCEA7DE25B00D4E00EFDC5D /* UI */ = {
			isa = PBXGroup;
			children = (
				BC842B2325B0290B00E3F2D1 /* View */,
				BC842B0E25B0123F00E3F2D1 /* TabarView.swift */,
				BC842B1125B014D200E3F2D1 /* AView.swift */,
				BC842B1425B014E400E3F2D1 /* BView.swift */,
				BC842B1725B014F000E3F2D1 /* CView.swift */,
				BC842B1A25B017AE00E3F2D1 /* GankView.swift */,
				BC842B1D25B01A9A00E3F2D1 /* NavigationBar.swift */,
				BC2487AB25C7ADB90098EE45 /* NewsView.swift */,
			);
			path = UI;
			sourceTree = "<group>";
		};
		BCCEA7DF25B00D5800EFDC5D /* Utils */ = {
			isa = PBXGroup;
			children = (
				BCCEA7E525B00FB700EFDC5D /* ApiUtils.swift */,
				BC842B2025B0234F00E3F2D1 /* ComExtension.swift */,
			);
			path = Utils;
			sourceTree = "<group>";
		};
		BCCEA7E825B00FEB00EFDC5D /* Model */ = {
			isa = PBXGroup;
			children = (
				BC842B2825B02E7F00E3F2D1 /* GankModel.swift */,
				BC842B3025B0417800E3F2D1 /* GankMModel.swift */,
				BE4F480625B06302001C1DCD /* Gankk.swift */,
				BC2487B125C7B0C40098EE45 /* NewsModel.swift */,
			);
			path = Model;
			sourceTree = "<group>";
		};
		C77F22E6273F05DAFC9A14BA /* Pods */ = {
			isa = PBXGroup;
			children = (
				DCC687BC4B0BF0A0784379F9 /* Pods-CoolWeather.debug.xcconfig */,
				716C3C51E1C3E0616F31CA38 /* Pods-CoolWeather.release.xcconfig */,
			);
			path = Pods;
			sourceTree = "<group>";
		};
/* End PBXGroup section */

/* Begin PBXNativeTarget section */
		BCCEA7C925B00CDB00EFDC5D /* CoolWeather */ = {
			isa = PBXNativeTarget;
			buildConfigurationList = BCCEA7D925B00CE100EFDC5D /* Build configuration list for PBXNativeTarget "CoolWeather" */;
			buildPhases = (
				44F43680402807F47A4BED66 /* [CP] Check Pods Manifest.lock */,
				BCCEA7C625B00CDB00EFDC5D /* Sources */,
				BCCEA7C725B00CDB00EFDC5D /* Frameworks */,
				BCCEA7C825B00CDB00EFDC5D /* Resources */,
				D6D32F2D2249C1F769528AEA /* [CP] Embed Pods Frameworks */,
			);
			buildRules = (
			);
			dependencies = (
			);
			name = CoolWeather;
			productName = CoolWeather;
			productReference = BCCEA7CA25B00CDB00EFDC5D /* CoolWeather.app */;
			productType = "com.apple.product-type.application";
		};
/* End PBXNativeTarget section */

/* Begin PBXProject section */
		BCCEA7C225B00CDB00EFDC5D /* Project object */ = {
			isa = PBXProject;
			attributes = {
				LastSwiftUpdateCheck = 1210;
				LastUpgradeCheck = 1210;
				TargetAttributes = {
					BCCEA7C925B00CDB00EFDC5D = {
						CreatedOnToolsVersion = 12.1;
					};
				};
			};
			buildConfigurationList = BCCEA7C525B00CDB00EFDC5D /* Build configuration list for PBXProject "CoolWeather" */;
			compatibilityVersion = "Xcode 9.3";
			developmentRegion = en;
			hasScannedForEncodings = 0;
			knownRegions = (
				en,
				Base,
			);
			mainGroup = BCCEA7C125B00CDB00EFDC5D;
			productRefGroup = BCCEA7CB25B00CDB00EFDC5D /* Products */;
			projectDirPath = "";
			projectRoot = "";
			targets = (
				BCCEA7C925B00CDB00EFDC5D /* CoolWeather */,
			);
		};
/* End PBXProject section */

/* Begin PBXResourcesBuildPhase section */
		BCCEA7C825B00CDB00EFDC5D /* Resources */ = {
			isa = PBXResourcesBuildPhase;
			buildActionMask = 2147483647;
			files = (
				BCCEA7D525B00CE100EFDC5D /* Preview Assets.xcassets in Resources */,
				BCCEA7D225B00CE100EFDC5D /* Assets.xcassets in Resources */,
			);
			runOnlyForDeploymentPostprocessing = 0;
		};
/* End PBXResourcesBuildPhase section */

/* Begin PBXShellScriptBuildPhase section */
		44F43680402807F47A4BED66 /* [CP] Check Pods Manifest.lock */ = {
			isa = PBXShellScriptBuildPhase;
			buildActionMask = 2147483647;
			files = (
			);
			inputFileListPaths = (
			);
			inputPaths = (
				"${PODS_PODFILE_DIR_PATH}/Podfile.lock",
				"${PODS_ROOT}/Manifest.lock",
			);
			name = "[CP] Check Pods Manifest.lock";
			outputFileListPaths = (
			);
			outputPaths = (
				"$(DERIVED_FILE_DIR)/Pods-CoolWeather-checkManifestLockResult.txt",
			);
			runOnlyForDeploymentPostprocessing = 0;
			shellPath = /bin/sh;
			shellScript = "diff \"${PODS_PODFILE_DIR_PATH}/Podfile.lock\" \"${PODS_ROOT}/Manifest.lock\" > /dev/null\nif [ $? != 0 ] ; then\n    # print error to STDERR\n    echo \"error: The sandbox is not in sync with the Podfile.lock. Run 'pod install' or update your CocoaPods installation.\" >&2\n    exit 1\nfi\n# This output is used by Xcode 'outputs' to avoid re-running this script phase.\necho \"SUCCESS\" > \"${SCRIPT_OUTPUT_FILE_0}\"\n";
			showEnvVarsInLog = 0;
		};
		D6D32F2D2249C1F769528AEA /* [CP] Embed Pods Frameworks */ = {
			isa = PBXShellScriptBuildPhase;
			buildActionMask = 2147483647;
			files = (
			);
			inputFileListPaths = (
				"${PODS_ROOT}/Target Support Files/Pods-CoolWeather/Pods-CoolWeather-frameworks-${CONFIGURATION}-input-files.xcfilelist",
			);
			name = "[CP] Embed Pods Frameworks";
			outputFileListPaths = (
				"${PODS_ROOT}/Target Support Files/Pods-CoolWeather/Pods-CoolWeather-frameworks-${CONFIGURATION}-output-files.xcfilelist",
			);
			runOnlyForDeploymentPostprocessing = 0;
			shellPath = /bin/sh;
			shellScript = "\"${PODS_ROOT}/Target Support Files/Pods-CoolWeather/Pods-CoolWeather-frameworks.sh\"\n";
			showEnvVarsInLog = 0;
		};
/* End PBXShellScriptBuildPhase section */

/* Begin PBXSourcesBuildPhase section */
		BCCEA7C625B00CDB00EFDC5D /* Sources */ = {
			isa = PBXSourcesBuildPhase;
			buildActionMask = 2147483647;
			files = (
				BCCEA7E625B00FB700EFDC5D /* ApiUtils.swift in Sources */,
				BC842B1525B014E400E3F2D1 /* BView.swift in Sources */,
				BC2487B525C7D8C10098EE45 /* NewsImageCellRow.swift in Sources */,
				BCCEA7D025B00CDB00EFDC5D /* ContentView.swift in Sources */,
				BC2487AC25C7ADB90098EE45 /* NewsView.swift in Sources */,
				BC2487B225C7B0C40098EE45 /* NewsModel.swift in Sources */,
				BCE998A025B1329D00430C02 /* CoolWeatherApp.swift in Sources */,
				BC842B2525B0294500E3F2D1 /* GridView.swift in Sources */,
				BC842B2925B02E7F00E3F2D1 /* GankModel.swift in Sources */,
				BC842B1825B014F000E3F2D1 /* CView.swift in Sources */,
				BC842B1E25B01A9A00E3F2D1 /* NavigationBar.swift in Sources */,
				BCE998AD25B167F900430C02 /* GankItemView.swift in Sources */,
				BC842B1B25B017AE00E3F2D1 /* GankView.swift in Sources */,
				BE4F480725B06302001C1DCD /* Gankk.swift in Sources */,
				BC842B1225B014D300E3F2D1 /* AView.swift in Sources */,
				BC842B3125B0417900E3F2D1 /* GankMModel.swift in Sources */,
				BC2487AF25C7AF930098EE45 /* Content.swift in Sources */,
				BCE998B025B16DE800430C02 /* UserData.swift in Sources */,
				BC2487B825C7E0CF0098EE45 /* NewsImageCell.swift in Sources */,
				BC842B0F25B0123F00E3F2D1 /* TabarView.swift in Sources */,
				BC842B2125B0234F00E3F2D1 /* ComExtension.swift in Sources */,
				BCE998AA25B13A3900430C02 /* RefreshableScrollView.swift in Sources */,
			);
			runOnlyForDeploymentPostprocessing = 0;
		};
/* End PBXSourcesBuildPhase section */

/* Begin XCBuildConfiguration section */
		BCCEA7D725B00CE100EFDC5D /* Debug */ = {
			isa = XCBuildConfiguration;
			buildSettings = {
				ALWAYS_SEARCH_USER_PATHS = NO;
				CLANG_ANALYZER_NONNULL = YES;
				CLANG_ANALYZER_NUMBER_OBJECT_CONVERSION = YES_AGGRESSIVE;
				CLANG_CXX_LANGUAGE_STANDARD = "gnu++14";
				CLANG_CXX_LIBRARY = "libc++";
				CLANG_ENABLE_MODULES = YES;
				CLANG_ENABLE_OBJC_ARC = YES;
				CLANG_ENABLE_OBJC_WEAK = YES;
				CLANG_WARN_BLOCK_CAPTURE_AUTORELEASING = YES;
				CLANG_WARN_BOOL_CONVERSION = YES;
				CLANG_WARN_COMMA = YES;
				CLANG_WARN_CONSTANT_CONVERSION = YES;
				CLANG_WARN_DEPRECATED_OBJC_IMPLEMENTATIONS = YES;
				CLANG_WARN_DIRECT_OBJC_ISA_USAGE = YES_ERROR;
				CLANG_WARN_DOCUMENTATION_COMMENTS = YES;
				CLANG_WARN_EMPTY_BODY = YES;
				CLANG_WARN_ENUM_CONVERSION = YES;
				CLANG_WARN_INFINITE_RECURSION = YES;
				CLANG_WARN_INT_CONVERSION = YES;
				CLANG_WARN_NON_LITERAL_NULL_CONVERSION = YES;
				CLANG_WARN_OBJC_IMPLICIT_RETAIN_SELF = YES;
				CLANG_WARN_OBJC_LITERAL_CONVERSION = YES;
				CLANG_WARN_OBJC_ROOT_CLASS = YES_ERROR;
				CLANG_WARN_QUOTED_INCLUDE_IN_FRAMEWORK_HEADER = YES;
				CLANG_WARN_RANGE_LOOP_ANALYSIS = YES;
				CLANG_WARN_STRICT_PROTOTYPES = YES;
				CLANG_WARN_SUSPICIOUS_MOVE = YES;
				CLANG_WARN_UNGUARDED_AVAILABILITY = YES_AGGRESSIVE;
				CLANG_WARN_UNREACHABLE_CODE = YES;
				CLANG_WARN__DUPLICATE_METHOD_MATCH = YES;
				COPY_PHASE_STRIP = NO;
				DEBUG_INFORMATION_FORMAT = dwarf;
				ENABLE_STRICT_OBJC_MSGSEND = YES;
				ENABLE_TESTABILITY = YES;
				GCC_C_LANGUAGE_STANDARD = gnu11;
				GCC_DYNAMIC_NO_PIC = NO;
				GCC_NO_COMMON_BLOCKS = YES;
				GCC_OPTIMIZATION_LEVEL = 0;
				GCC_PREPROCESSOR_DEFINITIONS = (
					"DEBUG=1",
					"$(inherited)",
				);
				GCC_WARN_64_TO_32_BIT_CONVERSION = YES;
				GCC_WARN_ABOUT_RETURN_TYPE = YES_ERROR;
				GCC_WARN_UNDECLARED_SELECTOR = YES;
				GCC_WARN_UNINITIALIZED_AUTOS = YES_AGGRESSIVE;
				GCC_WARN_UNUSED_FUNCTION = YES;
				GCC_WARN_UNUSED_VARIABLE = YES;
				IPHONEOS_DEPLOYMENT_TARGET = 14.1;
				MTL_ENABLE_DEBUG_INFO = INCLUDE_SOURCE;
				MTL_FAST_MATH = YES;
				ONLY_ACTIVE_ARCH = YES;
				SDKROOT = iphoneos;
				SWIFT_ACTIVE_COMPILATION_CONDITIONS = DEBUG;
				SWIFT_OPTIMIZATION_LEVEL = "-Onone";
			};
			name = Debug;
		};
		BCCEA7D825B00CE100EFDC5D /* Release */ = {
			isa = XCBuildConfiguration;
			buildSettings = {
				ALWAYS_SEARCH_USER_PATHS = NO;
				CLANG_ANALYZER_NONNULL = YES;
				CLANG_ANALYZER_NUMBER_OBJECT_CONVERSION = YES_AGGRESSIVE;
				CLANG_CXX_LANGUAGE_STANDARD = "gnu++14";
				CLANG_CXX_LIBRARY = "libc++";
				CLANG_ENABLE_MODULES = YES;
				CLANG_ENABLE_OBJC_ARC = YES;
				CLANG_ENABLE_OBJC_WEAK = YES;
				CLANG_WARN_BLOCK_CAPTURE_AUTORELEASING = YES;
				CLANG_WARN_BOOL_CONVERSION = YES;
				CLANG_WARN_COMMA = YES;
				CLANG_WARN_CONSTANT_CONVERSION = YES;
				CLANG_WARN_DEPRECATED_OBJC_IMPLEMENTATIONS = YES;
				CLANG_WARN_DIRECT_OBJC_ISA_USAGE = YES_ERROR;
				CLANG_WARN_DOCUMENTATION_COMMENTS = YES;
				CLANG_WARN_EMPTY_BODY = YES;
				CLANG_WARN_ENUM_CONVERSION = YES;
				CLANG_WARN_INFINITE_RECURSION = YES;
				CLANG_WARN_INT_CONVERSION = YES;
				CLANG_WARN_NON_LITERAL_NULL_CONVERSION = YES;
				CLANG_WARN_OBJC_IMPLICIT_RETAIN_SELF = YES;
				CLANG_WARN_OBJC_LITERAL_CONVERSION = YES;
				CLANG_WARN_OBJC_ROOT_CLASS = YES_ERROR;
				CLANG_WARN_QUOTED_INCLUDE_IN_FRAMEWORK_HEADER = YES;
				CLANG_WARN_RANGE_LOOP_ANALYSIS = YES;
				CLANG_WARN_STRICT_PROTOTYPES = YES;
				CLANG_WARN_SUSPICIOUS_MOVE = YES;
				CLANG_WARN_UNGUARDED_AVAILABILITY = YES_AGGRESSIVE;
				CLANG_WARN_UNREACHABLE_CODE = YES;
				CLANG_WARN__DUPLICATE_METHOD_MATCH = YES;
				COPY_PHASE_STRIP = NO;
				DEBUG_INFORMATION_FORMAT = "dwarf-with-dsym";
				ENABLE_NS_ASSERTIONS = NO;
				ENABLE_STRICT_OBJC_MSGSEND = YES;
				GCC_C_LANGUAGE_STANDARD = gnu11;
				GCC_NO_COMMON_BLOCKS = YES;
				GCC_WARN_64_TO_32_BIT_CONVERSION = YES;
				GCC_WARN_ABOUT_RETURN_TYPE = YES_ERROR;
				GCC_WARN_UNDECLARED_SELECTOR = YES;
				GCC_WARN_UNINITIALIZED_AUTOS = YES_AGGRESSIVE;
				GCC_WARN_UNUSED_FUNCTION = YES;
				GCC_WARN_UNUSED_VARIABLE = YES;
				IPHONEOS_DEPLOYMENT_TARGET = 14.1;
				MTL_ENABLE_DEBUG_INFO = NO;
				MTL_FAST_MATH = YES;
				SDKROOT = iphoneos;
				SWIFT_COMPILATION_MODE = wholemodule;
				SWIFT_OPTIMIZATION_LEVEL = "-O";
				VALIDATE_PRODUCT = YES;
			};
			name = Release;
		};
		BCCEA7DA25B00CE100EFDC5D /* Debug */ = {
			isa = XCBuildConfiguration;
			baseConfigurationReference = DCC687BC4B0BF0A0784379F9 /* Pods-CoolWeather.debug.xcconfig */;
			buildSettings = {
				ASSETCATALOG_COMPILER_APPICON_NAME = AppIcon;
				ASSETCATALOG_COMPILER_GLOBAL_ACCENT_COLOR_NAME = AccentColor;
				CODE_SIGN_ENTITLEMENTS = CoolWeather/CoolWeather.entitlements;
				CODE_SIGN_STYLE = Automatic;
				DEVELOPMENT_ASSET_PATHS = "\"CoolWeather/Preview Content\"";
				DEVELOPMENT_TEAM = 4B5F6ELE34;
				ENABLE_PREVIEWS = YES;
				INFOPLIST_FILE = CoolWeather/Info.plist;
				IPHONEOS_DEPLOYMENT_TARGET = 14.0;
				LD_RUNPATH_SEARCH_PATHS = (
					"$(inherited)",
					"@executable_path/Frameworks",
				);
				PRODUCT_BUNDLE_IDENTIFIER = com.rnd.CoolWeather;
				PRODUCT_NAME = "$(TARGET_NAME)";
				SUPPORTS_MACCATALYST = NO;
				SWIFT_VERSION = 5.0;
				TARGETED_DEVICE_FAMILY = "1,2";
			};
			name = Debug;
		};
		BCCEA7DB25B00CE100EFDC5D /* Release */ = {
			isa = XCBuildConfiguration;
			baseConfigurationReference = 716C3C51E1C3E0616F31CA38 /* Pods-CoolWeather.release.xcconfig */;
			buildSettings = {
				ASSETCATALOG_COMPILER_APPICON_NAME = AppIcon;
				ASSETCATALOG_COMPILER_GLOBAL_ACCENT_COLOR_NAME = AccentColor;
				CODE_SIGN_ENTITLEMENTS = CoolWeather/CoolWeather.entitlements;
				CODE_SIGN_STYLE = Automatic;
				DEVELOPMENT_ASSET_PATHS = "\"CoolWeather/Preview Content\"";
				DEVELOPMENT_TEAM = 4B5F6ELE34;
				ENABLE_PREVIEWS = YES;
				INFOPLIST_FILE = CoolWeather/Info.plist;
				IPHONEOS_DEPLOYMENT_TARGET = 14.0;
				LD_RUNPATH_SEARCH_PATHS = (
					"$(inherited)",
					"@executable_path/Frameworks",
				);
				PRODUCT_BUNDLE_IDENTIFIER = com.rnd.CoolWeather;
				PRODUCT_NAME = "$(TARGET_NAME)";
				SUPPORTS_MACCATALYST = NO;
				SWIFT_VERSION = 5.0;
				TARGETED_DEVICE_FAMILY = "1,2";
			};
			name = Release;
		};
/* End XCBuildConfiguration section */

/* Begin XCConfigurationList section */
		BCCEA7C525B00CDB00EFDC5D /* Build configuration list for PBXProject "CoolWeather" */ = {
			isa = XCConfigurationList;
			buildConfigurations = (
				BCCEA7D725B00CE100EFDC5D /* Debug */,
				BCCEA7D825B00CE100EFDC5D /* Release */,
			);
			defaultConfigurationIsVisible = 0;
			defaultConfigurationName = Release;
		};
		BCCEA7D925B00CE100EFDC5D /* Build configuration list for PBXNativeTarget "CoolWeather" */ = {
			isa = XCConfigurationList;
			buildConfigurations = (
				BCCEA7DA25B00CE100EFDC5D /* Debug */,
				BCCEA7DB25B00CE100EFDC5D /* Release */,
			);
			defaultConfigurationIsVisible = 0;
			defaultConfigurationName = Release;
		};
/* End XCConfigurationList section */
	};
	rootObject = BCCEA7C225B00CDB00EFDC5D /* Project object */;
}
